
Microsoft Visual Studio Solution File, Format Version 12.00
# Visual Studio Version 16
VisualStudioVersion = 16.0.31424.327
MinimumVisualStudioVersion = 10.0.40219.1
Project("{9A19103F-16F7-4668-BE54-9A1E7A4F7556}") = "gRPCCorePerfTestServer", "gRPCCorePerfTestServer\gRPCCorePerfTestServer.csproj", "{3836E7F5-2887-465D-B560-AC8DA9AD8556}"
EndProject
Global
	GlobalSection(SolutionConfigurationPlatforms) = preSolution
		Debug|Any CPU = Debug|Any CPU
		Release|Any CPU = Release|Any CPU
	EndGlobalSection
	GlobalSection(ProjectConfigurationPlatforms) = postSolution
		{3836E7F5-2887-465D-B560-AC8DA9AD8556}.Debug|Any CPU.ActiveCfg = Debug|Any CPU
		{3836E7F5-2887-465D-B560-AC8DA9AD8556}.Debug|Any CPU.Build.0 = Debug|Any CPU
		{3836E7F5-2887-465D-B560-AC8DA9AD8556}.Release|Any CPU.ActiveCfg = Release|Any CPU
		{3836E7F5-2887-465D-B560-AC8DA9AD8556}.Release|Any CPU.Build.0 = Release|Any CPU
	EndGlobalSection
	GlobalSection(SolutionProperties) = preSolution
		HideSolutionNode = FALSE
	EndGlobalSection
	GlobalSection(ExtensibilityGlobals) = postSolution
		SolutionGuid = {6DAEE573-5C23-4EE1-B5C5-4977953C636D}
	EndGlobalSection
EndGlobal
